
Microsoft Visual Studio Solution File, Format Version 12.00
# Visual Studio Version 16
VisualStudioVersion = 16.0.31613.86
MinimumVisualStudioVersion = 10.0.40219.1
Project("{FAE04EC0-301F-11D3-BF4B-00C04F79EFBC}") = "Proje 7 (Web Site Simulation)", "Proje 7 (Web Site Simulation).csproj", "{3D60BE17-EDA4-4140-A76B-D074FB551EEC}"
EndProject
Global
	GlobalSection(SolutionConfigurationPlatforms) = preSolution
		Debug|Any CPU = Debug|Any CPU
		Release|Any CPU = Release|Any CPU
	EndGlobalSection
	GlobalSection(ProjectConfigurationPlatforms) = postSolution
		{3D60BE17-EDA4-4140-A76B-D074FB551EEC}.Debug|Any CPU.ActiveCfg = Debug|Any CPU
		{3D60BE17-EDA4-4140-A76B-D074FB551EEC}.Debug|Any CPU.Build.0 = Debug|Any CPU
		{3D60BE17-EDA4-4140-A76B-D074FB551EEC}.Release|Any CPU.ActiveCfg = Release|Any CPU
		{3D60BE17-EDA4-4140-A76B-D074FB551EEC}.Release|Any CPU.Build.0 = Release|Any CPU
	EndGlobalSection
	GlobalSection(SolutionProperties) = preSolution
		HideSolutionNode = FALSE
	EndGlobalSection
	GlobalSection(ExtensibilityGlobals) = postSolution
		SolutionGuid = {3EE93D81-19E9-4ACC-AAC8-86A344346558}
	EndGlobalSection
EndGlobal
